
Microsoft Visual Studio Solution File, Format Version 12.00
# Visual Studio Version 17
VisualStudioVersion = 17.2.32630.192
MinimumVisualStudioVersion = 10.0.40219.1
Project("{9A19103F-16F7-4668-BE54-9A1E7A4F7556}") = "ERP.XCore.Hotel.Web.Server", "ERP.XCore.Hotel.Web\Server\ERP.XCore.Hotel.Web.Server.csproj", "{86C3C10E-E705-49E0-947C-B6708A1340BE}"
EndProject
Project("{9A19103F-16F7-4668-BE54-9A1E7A4F7556}") = "ERP.XCore.Hotel.Web.Client", "ERP.XCore.Hotel.Web\Client\ERP.XCore.Hotel.Web.Client.csproj", "{2BE6B3F4-E014-4535-9C4A-CF4F9DCD7059}"
EndProject
Project("{9A19103F-16F7-4668-BE54-9A1E7A4F7556}") = "ERP.XCore.Entities", "ERP.XCore.Entities\ERP.XCore.Entities.csproj", "{453CFB2E-61FB-4DA5-BA6C-49BB88E465F1}"
EndProject
Project("{9A19103F-16F7-4668-BE54-9A1E7A4F7556}") = "ERP.XCore.Data", "ERP.XCore.Data\ERP.XCore.Data.csproj", "{E614D38A-3136-414A-9487-8C9B5A9B8A59}"
EndProject
Project("{9A19103F-16F7-4668-BE54-9A1E7A4F7556}") = "ERP.XCore.Core", "ERP.XCore.Core\ERP.XCore.Core.csproj", "{21423699-E53C-40CD-BA55-EE235F348F12}"
EndProject
Project("{9A19103F-16F7-4668-BE54-9A1E7A4F7556}") = "ERP.XCore.Hotel.Shared", "ERP.XCore.Hotel.Shared\ERP.XCore.Hotel.Shared.csproj", "{71A97103-C84E-40EF-9C83-5DCD745B0D0C}"
EndProject
Project("{9A19103F-16F7-4668-BE54-9A1E7A4F7556}") = "ERP.XCore.Services", "ERP.XCore.Services\ERP.XCore.Services.csproj", "{C27134BB-450C-4B39-86CE-A0C69DE81877}"
EndProject
Project("{2150E333-8FDC-42A3-9474-1A3956D46DE8}") = "1. Core", "1. Core", "{6E2A0619-2A91-4653-934C-7E88C00806BE}"
EndProject
Project("{2150E333-8FDC-42A3-9474-1A3956D46DE8}") = "2. Entities", "2. Entities", "{FAF9CA0E-EB49-4470-ACC1-2110526071CB}"
EndProject
Project("{2150E333-8FDC-42A3-9474-1A3956D46DE8}") = "3. Data", "3. Data", "{6C383D33-295F-4520-A128-B3DFAB7870A3}"
EndProject
Project("{2150E333-8FDC-42A3-9474-1A3956D46DE8}") = "4. Services", "4. Services", "{970EAB96-8F01-4519-8095-FF3C4F9D8C7C}"
EndProject
Project("{2150E333-8FDC-42A3-9474-1A3956D46DE8}") = "5. Modules", "5. Modules", "{3469725E-6282-4E40-8A8F-81C2CF2E052F}"
EndProject
Project("{2150E333-8FDC-42A3-9474-1A3956D46DE8}") = "5.2. Hotel", "5.2. Hotel", "{31CBDDED-FECE-4BA6-A057-0F1BD0F36DA4}"
EndProject
Project("{2150E333-8FDC-42A3-9474-1A3956D46DE8}") = "5.1. Shared", "5.1. Shared", "{0DDA9D0B-B1DD-467D-B2E3-AE69DE93525F}"
EndProject
Project("{9A19103F-16F7-4668-BE54-9A1E7A4F7556}") = "ERP.XCore.Components", "ERP.XCore.Components\ERP.XCore.Components.csproj", "{30CB1608-A6AA-420D-88EA-14C7F2C3359E}"
EndProject
Global
	GlobalSection(SolutionConfigurationPlatforms) = preSolution
		Debug|Any CPU = Debug|Any CPU
		Release|Any CPU = Release|Any CPU
	EndGlobalSection
	GlobalSection(ProjectConfigurationPlatforms) = postSolution
		{86C3C10E-E705-49E0-947C-B6708A1340BE}.Debug|Any CPU.ActiveCfg = Debug|Any CPU
		{86C3C10E-E705-49E0-947C-B6708A1340BE}.Debug|Any CPU.Build.0 = Debug|Any CPU
		{86C3C10E-E705-49E0-947C-B6708A1340BE}.Release|Any CPU.ActiveCfg = Release|Any CPU
		{86C3C10E-E705-49E0-947C-B6708A1340BE}.Release|Any CPU.Build.0 = Release|Any CPU
		{2BE6B3F4-E014-4535-9C4A-CF4F9DCD7059}.Debug|Any CPU.ActiveCfg = Debug|Any CPU
		{2BE6B3F4-E014-4535-9C4A-CF4F9DCD7059}.Debug|Any CPU.Build.0 = Debug|Any CPU
		{2BE6B3F4-E014-4535-9C4A-CF4F9DCD7059}.Release|Any CPU.ActiveCfg = Release|Any CPU
		{2BE6B3F4-E014-4535-9C4A-CF4F9DCD7059}.Release|Any CPU.Build.0 = Release|Any CPU
		{453CFB2E-61FB-4DA5-BA6C-49BB88E465F1}.Debug|Any CPU.ActiveCfg = Debug|Any CPU
		{453CFB2E-61FB-4DA5-BA6C-49BB88E465F1}.Debug|Any CPU.Build.0 = Debug|Any CPU
		{453CFB2E-61FB-4DA5-BA6C-49BB88E465F1}.Release|Any CPU.ActiveCfg = Release|Any CPU
		{453CFB2E-61FB-4DA5-BA6C-49BB88E465F1}.Release|Any CPU.Build.0 = Release|Any CPU
		{E614D38A-3136-414A-9487-8C9B5A9B8A59}.Debug|Any CPU.ActiveCfg = Debug|Any CPU
		{E614D38A-3136-414A-9487-8C9B5A9B8A59}.Debug|Any CPU.Build.0 = Debug|Any CPU
		{E614D38A-3136-414A-9487-8C9B5A9B8A59}.Release|Any CPU.ActiveCfg = Release|Any CPU
		{E614D38A-3136-414A-9487-8C9B5A9B8A59}.Release|Any CPU.Build.0 = Release|Any CPU
		{21423699-E53C-40CD-BA55-EE235F348F12}.Debug|Any CPU.ActiveCfg = Debug|Any CPU
		{21423699-E53C-40CD-BA55-EE235F348F12}.Debug|Any CPU.Build.0 = Debug|Any CPU
		{21423699-E53C-40CD-BA55-EE235F348F12}.Release|Any CPU.ActiveCfg = Release|Any CPU
		{21423699-E53C-40CD-BA55-EE235F348F12}.Release|Any CPU.Build.0 = Release|Any CPU
		{71A97103-C84E-40EF-9C83-5DCD745B0D0C}.Debug|Any CPU.ActiveCfg = Debug|Any CPU
		{71A97103-C84E-40EF-9C83-5DCD745B0D0C}.Debug|Any CPU.Build.0 = Debug|Any CPU
		{71A97103-C84E-40EF-9C83-5DCD745B0D0C}.Release|Any CPU.ActiveCfg = Release|Any CPU
		{71A97103-C84E-40EF-9C83-5DCD745B0D0C}.Release|Any CPU.Build.0 = Release|Any CPU
		{C27134BB-450C-4B39-86CE-A0C69DE81877}.Debug|Any CPU.ActiveCfg = Debug|Any CPU
		{C27134BB-450C-4B39-86CE-A0C69DE81877}.Debug|Any CPU.Build.0 = Debug|Any CPU
		{C27134BB-450C-4B39-86CE-A0C69DE81877}.Release|Any CPU.ActiveCfg = Release|Any CPU
		{C27134BB-450C-4B39-86CE-A0C69DE81877}.Release|Any CPU.Build.0 = Release|Any CPU
		{30CB1608-A6AA-420D-88EA-14C7F2C3359E}.Debug|Any CPU.ActiveCfg = Debug|Any CPU
		{30CB1608-A6AA-420D-88EA-14C7F2C3359E}.Debug|Any CPU.Build.0 = Debug|Any CPU
		{30CB1608-A6AA-420D-88EA-14C7F2C3359E}.Release|Any CPU.ActiveCfg = Release|Any CPU
		{30CB1608-A6AA-420D-88EA-14C7F2C3359E}.Release|Any CPU.Build.0 = Release|Any CPU
	EndGlobalSection
	GlobalSection(SolutionProperties) = preSolution
		HideSolutionNode = FALSE
	EndGlobalSection
	GlobalSection(NestedProjects) = preSolution
		{86C3C10E-E705-49E0-947C-B6708A1340BE} = {31CBDDED-FECE-4BA6-A057-0F1BD0F36DA4}
		{2BE6B3F4-E014-4535-9C4A-CF4F9DCD7059} = {31CBDDED-FECE-4BA6-A057-0F1BD0F36DA4}
		{453CFB2E-61FB-4DA5-BA6C-49BB88E465F1} = {FAF9CA0E-EB49-4470-ACC1-2110526071CB}
		{E614D38A-3136-414A-9487-8C9B5A9B8A59} = {6C383D33-295F-4520-A128-B3DFAB7870A3}
		{21423699-E53C-40CD-BA55-EE235F348F12} = {6E2A0619-2A91-4653-934C-7E88C00806BE}
		{71A97103-C84E-40EF-9C83-5DCD745B0D0C} = {31CBDDED-FECE-4BA6-A057-0F1BD0F36DA4}
		{C27134BB-450C-4B39-86CE-A0C69DE81877} = {970EAB96-8F01-4519-8095-FF3C4F9D8C7C}
		{31CBDDED-FECE-4BA6-A057-0F1BD0F36DA4} = {3469725E-6282-4E40-8A8F-81C2CF2E052F}
		{0DDA9D0B-B1DD-467D-B2E3-AE69DE93525F} = {3469725E-6282-4E40-8A8F-81C2CF2E052F}
		{30CB1608-A6AA-420D-88EA-14C7F2C3359E} = {0DDA9D0B-B1DD-467D-B2E3-AE69DE93525F}
	EndGlobalSection
	GlobalSection(ExtensibilityGlobals) = postSolution
		SolutionGuid = {7F1BA353-4852-4179-A1D0-036198F9C6F2}
	EndGlobalSection
EndGlobal
